
Microsoft Visual Studio Solution File, Format Version 12.00
# Visual Studio 15
Project("{FAE04EC0-301F-11D3-BF4B-00C04F79EFBC}") = "cafe", "cafe\cafe.csproj", "{7FBE72DA-CB17-446E-981A-4052C0C0FF1A}"
EndProject
Project("{FAE04EC0-301F-11D3-BF4B-00C04F79EFBC}") = "cafe.Tests", "cafe.Tests\cafe.Tests.csproj", "{37CE2265-20E9-4995-A07C-4CA63D1D39DE}"
EndProject
Global
	GlobalSection(SolutionConfigurationPlatforms) = preSolution
		Debug|Any CPU = Debug|Any CPU
		Release|Any CPU = Release|Any CPU
	EndGlobalSection
	GlobalSection(ProjectConfigurationPlatforms) = postSolution
		{7FBE72DA-CB17-446E-981A-4052C0C0FF1A}.Debug|Any CPU.ActiveCfg = Debug|Any CPU
		{7FBE72DA-CB17-446E-981A-4052C0C0FF1A}.Debug|Any CPU.Build.0 = Debug|Any CPU
		{7FBE72DA-CB17-446E-981A-4052C0C0FF1A}.Release|Any CPU.ActiveCfg = Release|Any CPU
		{7FBE72DA-CB17-446E-981A-4052C0C0FF1A}.Release|Any CPU.Build.0 = Release|Any CPU
		{37CE2265-20E9-4995-A07C-4CA63D1D39DE}.Debug|Any CPU.ActiveCfg = Debug|Any CPU
		{37CE2265-20E9-4995-A07C-4CA63D1D39DE}.Debug|Any CPU.Build.0 = Debug|Any CPU
		{37CE2265-20E9-4995-A07C-4CA63D1D39DE}.Release|Any CPU.ActiveCfg = Release|Any CPU
		{37CE2265-20E9-4995-A07C-4CA63D1D39DE}.Release|Any CPU.Build.0 = Release|Any CPU
	EndGlobalSection
EndGlobal
